
Microsoft Visual Studio Solution File, Format Version 12.00
# Visual Studio Version 16
VisualStudioVersion = 16.0.31911.196
MinimumVisualStudioVersion = 10.0.40219.1
Project("{FAE04EC0-301F-11D3-BF4B-00C04F79EFBC}") = "LabFortyMS", "LabFortyMS\LabFortyMS.csproj", "{9FBFCCE5-B9F4-4DF4-BF44-E3B87C6167A2}"
EndProject
Global
	GlobalSection(SolutionConfigurationPlatforms) = preSolution
		Debug|Any CPU = Debug|Any CPU
		Release|Any CPU = Release|Any CPU
	EndGlobalSection
	GlobalSection(ProjectConfigurationPlatforms) = postSolution
		{9FBFCCE5-B9F4-4DF4-BF44-E3B87C6167A2}.Debug|Any CPU.ActiveCfg = Debug|Any CPU
		{9FBFCCE5-B9F4-4DF4-BF44-E3B87C6167A2}.Debug|Any CPU.Build.0 = Debug|Any CPU
		{9FBFCCE5-B9F4-4DF4-BF44-E3B87C6167A2}.Release|Any CPU.ActiveCfg = Release|Any CPU
		{9FBFCCE5-B9F4-4DF4-BF44-E3B87C6167A2}.Release|Any CPU.Build.0 = Release|Any CPU
	EndGlobalSection
	GlobalSection(SolutionProperties) = preSolution
		HideSolutionNode = FALSE
	EndGlobalSection
	GlobalSection(ExtensibilityGlobals) = postSolution
		SolutionGuid = {34999058-A9D1-4CF8-BFFF-32307E652E74}
	EndGlobalSection
EndGlobal
